
Microsoft Visual Studio Solution File, Format Version 12.00
# Visual Studio 15
VisualStudioVersion = 15.0.28307.539
MinimumVisualStudioVersion = 10.0.40219.1
Project("{FAE04EC0-301F-11D3-BF4B-00C04F79EFBC}") = "ImageUploader.Android", "ImageUploader\ImageUploader.Android\ImageUploader.Android.csproj", "{0D27E8B0-1C9D-499D-AF17-B4078A46E633}"
EndProject
Project("{FAE04EC0-301F-11D3-BF4B-00C04F79EFBC}") = "ImageUploader.iOS", "ImageUploader\ImageUploader.iOS\ImageUploader.iOS.csproj", "{63CE93A7-72EA-4926-A7B2-682E2E775431}"
EndProject
Project("{FAE04EC0-301F-11D3-BF4B-00C04F79EFBC}") = "ImageUploader", "ImageUploader\ImageUploader\ImageUploader.csproj", "{70F1A432-969F-4952-ADEA-F221702914BD}"
EndProject
Global
	GlobalSection(SolutionConfigurationPlatforms) = preSolution
		Ad-Hoc|Any CPU = Ad-Hoc|Any CPU
		Ad-Hoc|iPhone = Ad-Hoc|iPhone
		Ad-Hoc|iPhoneSimulator = Ad-Hoc|iPhoneSimulator
		AppStore|Any CPU = AppStore|Any CPU
		AppStore|iPhone = AppStore|iPhone
		AppStore|iPhoneSimulator = AppStore|iPhoneSimulator
		Debug|Any CPU = Debug|Any CPU
		Debug|iPhone = Debug|iPhone
		Debug|iPhoneSimulator = Debug|iPhoneSimulator
		Release|Any CPU = Release|Any CPU
		Release|iPhone = Release|iPhone
		Release|iPhoneSimulator = Release|iPhoneSimulator
	EndGlobalSection
	GlobalSection(ProjectConfigurationPlatforms) = postSolution
		{0D27E8B0-1C9D-499D-AF17-B4078A46E633}.Ad-Hoc|Any CPU.ActiveCfg = Release|Any CPU
		{0D27E8B0-1C9D-499D-AF17-B4078A46E633}.Ad-Hoc|Any CPU.Build.0 = Release|Any CPU
		{0D27E8B0-1C9D-499D-AF17-B4078A46E633}.Ad-Hoc|Any CPU.Deploy.0 = Release|Any CPU
		{0D27E8B0-1C9D-499D-AF17-B4078A46E633}.Ad-Hoc|iPhone.ActiveCfg = Release|Any CPU
		{0D27E8B0-1C9D-499D-AF17-B4078A46E633}.Ad-Hoc|iPhone.Build.0 = Release|Any CPU
		{0D27E8B0-1C9D-499D-AF17-B4078A46E633}.Ad-Hoc|iPhone.Deploy.0 = Release|Any CPU
		{0D27E8B0-1C9D-499D-AF17-B4078A46E633}.Ad-Hoc|iPhoneSimulator.ActiveCfg = Release|Any CPU
		{0D27E8B0-1C9D-499D-AF17-B4078A46E633}.Ad-Hoc|iPhoneSimulator.Build.0 = Release|Any CPU
		{0D27E8B0-1C9D-499D-AF17-B4078A46E633}.Ad-Hoc|iPhoneSimulator.Deploy.0 = Release|Any CPU
		{0D27E8B0-1C9D-499D-AF17-B4078A46E633}.AppStore|Any CPU.ActiveCfg = Release|Any CPU
		{0D27E8B0-1C9D-499D-AF17-B4078A46E633}.AppStore|Any CPU.Build.0 = Release|Any CPU
		{0D27E8B0-1C9D-499D-AF17-B4078A46E633}.AppStore|Any CPU.Deploy.0 = Release|Any CPU
		{0D27E8B0-1C9D-499D-AF17-B4078A46E633}.AppStore|iPhone.ActiveCfg = Release|Any CPU
		{0D27E8B0-1C9D-499D-AF17-B4078A46E633}.AppStore|iPhone.Build.0 = Release|Any CPU
		{0D27E8B0-1C9D-499D-AF17-B4078A46E633}.AppStore|iPhone.Deploy.0 = Release|Any CPU
		{0D27E8B0-1C9D-499D-AF17-B4078A46E633}.AppStore|iPhoneSimulator.ActiveCfg = Release|Any CPU
		{0D27E8B0-1C9D-499D-AF17-B4078A46E633}.AppStore|iPhoneSimulator.Build.0 = Release|Any CPU
		{0D27E8B0-1C9D-499D-AF17-B4078A46E633}.AppStore|iPhoneSimulator.Deploy.0 = Release|Any CPU
		{0D27E8B0-1C9D-499D-AF17-B4078A46E633}.Debug|Any CPU.ActiveCfg = Debug|Any CPU
		{0D27E8B0-1C9D-499D-AF17-B4078A46E633}.Debug|Any CPU.Build.0 = Debug|Any CPU
		{0D27E8B0-1C9D-499D-AF17-B4078A46E633}.Debug|Any CPU.Deploy.0 = Debug|Any CPU
		{0D27E8B0-1C9D-499D-AF17-B4078A46E633}.Debug|iPhone.ActiveCfg = Debug|Any CPU
		{0D27E8B0-1C9D-499D-AF17-B4078A46E633}.Debug|iPhone.Build.0 = Debug|Any CPU
		{0D27E8B0-1C9D-499D-AF17-B4078A46E633}.Debug|iPhone.Deploy.0 = Debug|Any CPU
		{0D27E8B0-1C9D-499D-AF17-B4078A46E633}.Debug|iPhoneSimulator.ActiveCfg = Debug|Any CPU
		{0D27E8B0-1C9D-499D-AF17-B4078A46E633}.Debug|iPhoneSimulator.Build.0 = Debug|Any CPU
		{0D27E8B0-1C9D-499D-AF17-B4078A46E633}.Debug|iPhoneSimulator.Deploy.0 = Debug|Any CPU
		{0D27E8B0-1C9D-499D-AF17-B4078A46E633}.Release|Any CPU.ActiveCfg = Release|Any CPU
		{0D27E8B0-1C9D-499D-AF17-B4078A46E633}.Release|Any CPU.Build.0 = Release|Any CPU
		{0D27E8B0-1C9D-499D-AF17-B4078A46E633}.Release|Any CPU.Deploy.0 = Release|Any CPU
		{0D27E8B0-1C9D-499D-AF17-B4078A46E633}.Release|iPhone.ActiveCfg = Release|Any CPU
		{0D27E8B0-1C9D-499D-AF17-B4078A46E633}.Release|iPhone.Build.0 = Release|Any CPU
		{0D27E8B0-1C9D-499D-AF17-B4078A46E633}.Release|iPhone.Deploy.0 = Release|Any CPU
		{0D27E8B0-1C9D-499D-AF17-B4078A46E633}.Release|iPhoneSimulator.ActiveCfg = Release|Any CPU
		{0D27E8B0-1C9D-499D-AF17-B4078A46E633}.Release|iPhoneSimulator.Build.0 = Release|Any CPU
		{0D27E8B0-1C9D-499D-AF17-B4078A46E633}.Release|iPhoneSimulator.Deploy.0 = Release|Any CPU
		{63CE93A7-72EA-4926-A7B2-682E2E775431}.Ad-Hoc|Any CPU.ActiveCfg = Ad-Hoc|iPhone
		{63CE93A7-72EA-4926-A7B2-682E2E775431}.Ad-Hoc|Any CPU.Build.0 = Ad-Hoc|iPhone
		{63CE93A7-72EA-4926-A7B2-682E2E775431}.Ad-Hoc|Any CPU.Deploy.0 = Ad-Hoc|iPhone
		{63CE93A7-72EA-4926-A7B2-682E2E775431}.Ad-Hoc|iPhone.ActiveCfg = Ad-Hoc|iPhone
		{63CE93A7-72EA-4926-A7B2-682E2E775431}.Ad-Hoc|iPhone.Build.0 = Ad-Hoc|iPhone
		{63CE93A7-72EA-4926-A7B2-682E2E775431}.Ad-Hoc|iPhone.Deploy.0 = Ad-Hoc|iPhone
		{63CE93A7-72EA-4926-A7B2-682E2E775431}.Ad-Hoc|iPhoneSimulator.ActiveCfg = Ad-Hoc|iPhoneSimulator
		{63CE93A7-72EA-4926-A7B2-682E2E775431}.Ad-Hoc|iPhoneSimulator.Build.0 = Ad-Hoc|iPhoneSimulator
		{63CE93A7-72EA-4926-A7B2-682E2E775431}.Ad-Hoc|iPhoneSimulator.Deploy.0 = Ad-Hoc|iPhoneSimulator
		{63CE93A7-72EA-4926-A7B2-682E2E775431}.AppStore|Any CPU.ActiveCfg = AppStore|iPhone
		{63CE93A7-72EA-4926-A7B2-682E2E775431}.AppStore|Any CPU.Build.0 = AppStore|iPhone
		{63CE93A7-72EA-4926-A7B2-682E2E775431}.AppStore|Any CPU.Deploy.0 = AppStore|iPhone
		{63CE93A7-72EA-4926-A7B2-682E2E775431}.AppStore|iPhone.ActiveCfg = AppStore|iPhone
		{63CE93A7-72EA-4926-A7B2-682E2E775431}.AppStore|iPhone.Build.0 = AppStore|iPhone
		{63CE93A7-72EA-4926-A7B2-682E2E775431}.AppStore|iPhone.Deploy.0 = AppStore|iPhone
		{63CE93A7-72EA-4926-A7B2-682E2E775431}.AppStore|iPhoneSimulator.ActiveCfg = AppStore|iPhoneSimulator
		{63CE93A7-72EA-4926-A7B2-682E2E775431}.AppStore|iPhoneSimulator.Build.0 = AppStore|iPhoneSimulator
		{63CE93A7-72EA-4926-A7B2-682E2E775431}.AppStore|iPhoneSimulator.Deploy.0 = AppStore|iPhoneSimulator
		{63CE93A7-72EA-4926-A7B2-682E2E775431}.Debug|Any CPU.ActiveCfg = Debug|iPhoneSimulator
		{63CE93A7-72EA-4926-A7B2-682E2E775431}.Debug|Any CPU.Build.0 = Debug|iPhoneSimulator
		{63CE93A7-72EA-4926-A7B2-682E2E775431}.Debug|Any CPU.Deploy.0 = Debug|iPhoneSimulator
		{63CE93A7-72EA-4926-A7B2-682E2E775431}.Debug|iPhone.ActiveCfg = Debug|iPhone
		{63CE93A7-72EA-4926-A7B2-682E2E775431}.Debug|iPhone.Build.0 = Debug|iPhone
		{63CE93A7-72EA-4926-A7B2-682E2E775431}.Debug|iPhone.Deploy.0 = Debug|iPhone
		{63CE93A7-72EA-4926-A7B2-682E2E775431}.Debug|iPhoneSimulator.ActiveCfg = Debug|iPhoneSimulator
		{63CE93A7-72EA-4926-A7B2-682E2E775431}.Debug|iPhoneSimulator.Build.0 = Debug|iPhoneSimulator
		{63CE93A7-72EA-4926-A7B2-682E2E775431}.Debug|iPhoneSimulator.Deploy.0 = Debug|iPhoneSimulator
		{63CE93A7-72EA-4926-A7B2-682E2E775431}.Release|Any CPU.ActiveCfg = Release|iPhone
		{63CE93A7-72EA-4926-A7B2-682E2E775431}.Release|Any CPU.Build.0 = Release|iPhone
		{63CE93A7-72EA-4926-A7B2-682E2E775431}.Release|Any CPU.Deploy.0 = Release|iPhone
		{63CE93A7-72EA-4926-A7B2-682E2E775431}.Release|iPhone.ActiveCfg = Release|iPhone
		{63CE93A7-72EA-4926-A7B2-682E2E775431}.Release|iPhone.Build.0 = Release|iPhone
		{63CE93A7-72EA-4926-A7B2-682E2E775431}.Release|iPhone.Deploy.0 = Release|iPhone
		{63CE93A7-72EA-4926-A7B2-682E2E775431}.Release|iPhoneSimulator.ActiveCfg = Release|iPhoneSimulator
		{63CE93A7-72EA-4926-A7B2-682E2E775431}.Release|iPhoneSimulator.Build.0 = Release|iPhoneSimulator
		{63CE93A7-72EA-4926-A7B2-682E2E775431}.Release|iPhoneSimulator.Deploy.0 = Release|iPhoneSimulator
		{70F1A432-969F-4952-ADEA-F221702914BD}.Ad-Hoc|Any CPU.ActiveCfg = Debug|Any CPU
		{70F1A432-969F-4952-ADEA-F221702914BD}.Ad-Hoc|Any CPU.Build.0 = Debug|Any CPU
		{70F1A432-969F-4952-ADEA-F221702914BD}.Ad-Hoc|Any CPU.Deploy.0 = Debug|Any CPU
		{70F1A432-969F-4952-ADEA-F221702914BD}.Ad-Hoc|iPhone.ActiveCfg = Debug|Any CPU
		{70F1A432-969F-4952-ADEA-F221702914BD}.Ad-Hoc|iPhone.Build.0 = Debug|Any CPU
		{70F1A432-969F-4952-ADEA-F221702914BD}.Ad-Hoc|iPhone.Deploy.0 = Debug|Any CPU
		{70F1A432-969F-4952-ADEA-F221702914BD}.Ad-Hoc|iPhoneSimulator.ActiveCfg = Debug|Any CPU
		{70F1A432-969F-4952-ADEA-F221702914BD}.Ad-Hoc|iPhoneSimulator.Build.0 = Debug|Any CPU
		{70F1A432-969F-4952-ADEA-F221702914BD}.Ad-Hoc|iPhoneSimulator.Deploy.0 = Debug|Any CPU
		{70F1A432-969F-4952-ADEA-F221702914BD}.AppStore|Any CPU.ActiveCfg = Debug|Any CPU
		{70F1A432-969F-4952-ADEA-F221702914BD}.AppStore|Any CPU.Build.0 = Debug|Any CPU
		{70F1A432-969F-4952-ADEA-F221702914BD}.AppStore|Any CPU.Deploy.0 = Debug|Any CPU
		{70F1A432-969F-4952-ADEA-F221702914BD}.AppStore|iPhone.ActiveCfg = Debug|Any CPU
		{70F1A432-969F-4952-ADEA-F221702914BD}.AppStore|iPhone.Build.0 = Debug|Any CPU
		{70F1A432-969F-4952-ADEA-F221702914BD}.AppStore|iPhone.Deploy.0 = Debug|Any CPU
		{70F1A432-969F-4952-ADEA-F221702914BD}.AppStore|iPhoneSimulator.ActiveCfg = Debug|Any CPU
		{70F1A432-969F-4952-ADEA-F221702914BD}.AppStore|iPhoneSimulator.Build.0 = Debug|Any CPU
		{70F1A432-969F-4952-ADEA-F221702914BD}.AppStore|iPhoneSimulator.Deploy.0 = Debug|Any CPU
		{70F1A432-969F-4952-ADEA-F221702914BD}.Debug|Any CPU.ActiveCfg = Debug|Any CPU
		{70F1A432-969F-4952-ADEA-F221702914BD}.Debug|Any CPU.Build.0 = Debug|Any CPU
		{70F1A432-969F-4952-ADEA-F221702914BD}.Debug|Any CPU.Deploy.0 = Debug|Any CPU
		{70F1A432-969F-4952-ADEA-F221702914BD}.Debug|iPhone.ActiveCfg = Debug|Any CPU
		{70F1A432-969F-4952-ADEA-F221702914BD}.Debug|iPhone.Build.0 = Debug|Any CPU
		{70F1A432-969F-4952-ADEA-F221702914BD}.Debug|iPhone.Deploy.0 = Debug|Any CPU
		{70F1A432-969F-4952-ADEA-F221702914BD}.Debug|iPhoneSimulator.ActiveCfg = Debug|Any CPU
		{70F1A432-969F-4952-ADEA-F221702914BD}.Debug|iPhoneSimulator.Build.0 = Debug|Any CPU
		{70F1A432-969F-4952-ADEA-F221702914BD}.Debug|iPhoneSimulator.Deploy.0 = Debug|Any CPU
		{70F1A432-969F-4952-ADEA-F221702914BD}.Release|Any CPU.ActiveCfg = Release|Any CPU
		{70F1A432-969F-4952-ADEA-F221702914BD}.Release|Any CPU.Build.0 = Release|Any CPU
		{70F1A432-969F-4952-ADEA-F221702914BD}.Release|Any CPU.Deploy.0 = Release|Any CPU
		{70F1A432-969F-4952-ADEA-F221702914BD}.Release|iPhone.ActiveCfg = Release|Any CPU
		{70F1A432-969F-4952-ADEA-F221702914BD}.Release|iPhone.Build.0 = Release|Any CPU
		{70F1A432-969F-4952-ADEA-F221702914BD}.Release|iPhone.Deploy.0 = Release|Any CPU
		{70F1A432-969F-4952-ADEA-F221702914BD}.Release|iPhoneSimulator.ActiveCfg = Release|Any CPU
		{70F1A432-969F-4952-ADEA-F221702914BD}.Release|iPhoneSimulator.Build.0 = Release|Any CPU
		{70F1A432-969F-4952-ADEA-F221702914BD}.Release|iPhoneSimulator.Deploy.0 = Release|Any CPU
	EndGlobalSection
	GlobalSection(SolutionProperties) = preSolution
		HideSolutionNode = FALSE
	EndGlobalSection
	GlobalSection(ExtensibilityGlobals) = postSolution
		SolutionGuid = {0F3BAD9B-B88D-437A-BBC4-E16D13FE0B08}
	EndGlobalSection
EndGlobal
