
Microsoft Visual Studio Solution File, Format Version 12.00
# Visual Studio 15
VisualStudioVersion = 15.0.28307.539
MinimumVisualStudioVersion = 10.0.40219.1
Project("{FAE04EC0-301F-11D3-BF4B-00C04F79EFBC}") = "People.Android", "People\People.Android\People.Android.csproj", "{6F1B24E5-5154-4A1A-BC4B-A10DD28FACA6}"
EndProject
Project("{FAE04EC0-301F-11D3-BF4B-00C04F79EFBC}") = "People.iOS", "People\People.iOS\People.iOS.csproj", "{CCA0993E-0E36-4F4E-B569-C4BC4811DC7E}"
EndProject
Project("{FAE04EC0-301F-11D3-BF4B-00C04F79EFBC}") = "People", "People\People\People.csproj", "{3172BE4D-EF4E-4A39-B9A8-77D7F6DB4DE0}"
EndProject
Global
	GlobalSection(SolutionConfigurationPlatforms) = preSolution
		Ad-Hoc|Any CPU = Ad-Hoc|Any CPU
		Ad-Hoc|iPhone = Ad-Hoc|iPhone
		Ad-Hoc|iPhoneSimulator = Ad-Hoc|iPhoneSimulator
		AppStore|Any CPU = AppStore|Any CPU
		AppStore|iPhone = AppStore|iPhone
		AppStore|iPhoneSimulator = AppStore|iPhoneSimulator
		Debug|Any CPU = Debug|Any CPU
		Debug|iPhone = Debug|iPhone
		Debug|iPhoneSimulator = Debug|iPhoneSimulator
		Release|Any CPU = Release|Any CPU
		Release|iPhone = Release|iPhone
		Release|iPhoneSimulator = Release|iPhoneSimulator
	EndGlobalSection
	GlobalSection(ProjectConfigurationPlatforms) = postSolution
		{6F1B24E5-5154-4A1A-BC4B-A10DD28FACA6}.Ad-Hoc|Any CPU.ActiveCfg = Release|Any CPU
		{6F1B24E5-5154-4A1A-BC4B-A10DD28FACA6}.Ad-Hoc|Any CPU.Build.0 = Release|Any CPU
		{6F1B24E5-5154-4A1A-BC4B-A10DD28FACA6}.Ad-Hoc|Any CPU.Deploy.0 = Release|Any CPU
		{6F1B24E5-5154-4A1A-BC4B-A10DD28FACA6}.Ad-Hoc|iPhone.ActiveCfg = Release|Any CPU
		{6F1B24E5-5154-4A1A-BC4B-A10DD28FACA6}.Ad-Hoc|iPhone.Build.0 = Release|Any CPU
		{6F1B24E5-5154-4A1A-BC4B-A10DD28FACA6}.Ad-Hoc|iPhone.Deploy.0 = Release|Any CPU
		{6F1B24E5-5154-4A1A-BC4B-A10DD28FACA6}.Ad-Hoc|iPhoneSimulator.ActiveCfg = Release|Any CPU
		{6F1B24E5-5154-4A1A-BC4B-A10DD28FACA6}.Ad-Hoc|iPhoneSimulator.Build.0 = Release|Any CPU
		{6F1B24E5-5154-4A1A-BC4B-A10DD28FACA6}.Ad-Hoc|iPhoneSimulator.Deploy.0 = Release|Any CPU
		{6F1B24E5-5154-4A1A-BC4B-A10DD28FACA6}.AppStore|Any CPU.ActiveCfg = Release|Any CPU
		{6F1B24E5-5154-4A1A-BC4B-A10DD28FACA6}.AppStore|Any CPU.Build.0 = Release|Any CPU
		{6F1B24E5-5154-4A1A-BC4B-A10DD28FACA6}.AppStore|Any CPU.Deploy.0 = Release|Any CPU
		{6F1B24E5-5154-4A1A-BC4B-A10DD28FACA6}.AppStore|iPhone.ActiveCfg = Release|Any CPU
		{6F1B24E5-5154-4A1A-BC4B-A10DD28FACA6}.AppStore|iPhone.Build.0 = Release|Any CPU
		{6F1B24E5-5154-4A1A-BC4B-A10DD28FACA6}.AppStore|iPhone.Deploy.0 = Release|Any CPU
		{6F1B24E5-5154-4A1A-BC4B-A10DD28FACA6}.AppStore|iPhoneSimulator.ActiveCfg = Release|Any CPU
		{6F1B24E5-5154-4A1A-BC4B-A10DD28FACA6}.AppStore|iPhoneSimulator.Build.0 = Release|Any CPU
		{6F1B24E5-5154-4A1A-BC4B-A10DD28FACA6}.AppStore|iPhoneSimulator.Deploy.0 = Release|Any CPU
		{6F1B24E5-5154-4A1A-BC4B-A10DD28FACA6}.Debug|Any CPU.ActiveCfg = Debug|Any CPU
		{6F1B24E5-5154-4A1A-BC4B-A10DD28FACA6}.Debug|Any CPU.Build.0 = Debug|Any CPU
		{6F1B24E5-5154-4A1A-BC4B-A10DD28FACA6}.Debug|Any CPU.Deploy.0 = Debug|Any CPU
		{6F1B24E5-5154-4A1A-BC4B-A10DD28FACA6}.Debug|iPhone.ActiveCfg = Debug|Any CPU
		{6F1B24E5-5154-4A1A-BC4B-A10DD28FACA6}.Debug|iPhone.Build.0 = Debug|Any CPU
		{6F1B24E5-5154-4A1A-BC4B-A10DD28FACA6}.Debug|iPhone.Deploy.0 = Debug|Any CPU
		{6F1B24E5-5154-4A1A-BC4B-A10DD28FACA6}.Debug|iPhoneSimulator.ActiveCfg = Debug|Any CPU
		{6F1B24E5-5154-4A1A-BC4B-A10DD28FACA6}.Debug|iPhoneSimulator.Build.0 = Debug|Any CPU
		{6F1B24E5-5154-4A1A-BC4B-A10DD28FACA6}.Debug|iPhoneSimulator.Deploy.0 = Debug|Any CPU
		{6F1B24E5-5154-4A1A-BC4B-A10DD28FACA6}.Release|Any CPU.ActiveCfg = Release|Any CPU
		{6F1B24E5-5154-4A1A-BC4B-A10DD28FACA6}.Release|Any CPU.Build.0 = Release|Any CPU
		{6F1B24E5-5154-4A1A-BC4B-A10DD28FACA6}.Release|Any CPU.Deploy.0 = Release|Any CPU
		{6F1B24E5-5154-4A1A-BC4B-A10DD28FACA6}.Release|iPhone.ActiveCfg = Release|Any CPU
		{6F1B24E5-5154-4A1A-BC4B-A10DD28FACA6}.Release|iPhone.Build.0 = Release|Any CPU
		{6F1B24E5-5154-4A1A-BC4B-A10DD28FACA6}.Release|iPhone.Deploy.0 = Release|Any CPU
		{6F1B24E5-5154-4A1A-BC4B-A10DD28FACA6}.Release|iPhoneSimulator.ActiveCfg = Release|Any CPU
		{6F1B24E5-5154-4A1A-BC4B-A10DD28FACA6}.Release|iPhoneSimulator.Build.0 = Release|Any CPU
		{6F1B24E5-5154-4A1A-BC4B-A10DD28FACA6}.Release|iPhoneSimulator.Deploy.0 = Release|Any CPU
		{CCA0993E-0E36-4F4E-B569-C4BC4811DC7E}.Ad-Hoc|Any CPU.ActiveCfg = Ad-Hoc|iPhone
		{CCA0993E-0E36-4F4E-B569-C4BC4811DC7E}.Ad-Hoc|Any CPU.Build.0 = Ad-Hoc|iPhone
		{CCA0993E-0E36-4F4E-B569-C4BC4811DC7E}.Ad-Hoc|Any CPU.Deploy.0 = Ad-Hoc|iPhone
		{CCA0993E-0E36-4F4E-B569-C4BC4811DC7E}.Ad-Hoc|iPhone.ActiveCfg = Ad-Hoc|iPhone
		{CCA0993E-0E36-4F4E-B569-C4BC4811DC7E}.Ad-Hoc|iPhone.Build.0 = Ad-Hoc|iPhone
		{CCA0993E-0E36-4F4E-B569-C4BC4811DC7E}.Ad-Hoc|iPhone.Deploy.0 = Ad-Hoc|iPhone
		{CCA0993E-0E36-4F4E-B569-C4BC4811DC7E}.Ad-Hoc|iPhoneSimulator.ActiveCfg = Ad-Hoc|iPhoneSimulator
		{CCA0993E-0E36-4F4E-B569-C4BC4811DC7E}.Ad-Hoc|iPhoneSimulator.Build.0 = Ad-Hoc|iPhoneSimulator
		{CCA0993E-0E36-4F4E-B569-C4BC4811DC7E}.Ad-Hoc|iPhoneSimulator.Deploy.0 = Ad-Hoc|iPhoneSimulator
		{CCA0993E-0E36-4F4E-B569-C4BC4811DC7E}.AppStore|Any CPU.ActiveCfg = AppStore|iPhone
		{CCA0993E-0E36-4F4E-B569-C4BC4811DC7E}.AppStore|Any CPU.Build.0 = AppStore|iPhone
		{CCA0993E-0E36-4F4E-B569-C4BC4811DC7E}.AppStore|Any CPU.Deploy.0 = AppStore|iPhone
		{CCA0993E-0E36-4F4E-B569-C4BC4811DC7E}.AppStore|iPhone.ActiveCfg = AppStore|iPhone
		{CCA0993E-0E36-4F4E-B569-C4BC4811DC7E}.AppStore|iPhone.Build.0 = AppStore|iPhone
		{CCA0993E-0E36-4F4E-B569-C4BC4811DC7E}.AppStore|iPhone.Deploy.0 = AppStore|iPhone
		{CCA0993E-0E36-4F4E-B569-C4BC4811DC7E}.AppStore|iPhoneSimulator.ActiveCfg = AppStore|iPhoneSimulator
		{CCA0993E-0E36-4F4E-B569-C4BC4811DC7E}.AppStore|iPhoneSimulator.Build.0 = AppStore|iPhoneSimulator
		{CCA0993E-0E36-4F4E-B569-C4BC4811DC7E}.AppStore|iPhoneSimulator.Deploy.0 = AppStore|iPhoneSimulator
		{CCA0993E-0E36-4F4E-B569-C4BC4811DC7E}.Debug|Any CPU.ActiveCfg = Debug|iPhoneSimulator
		{CCA0993E-0E36-4F4E-B569-C4BC4811DC7E}.Debug|Any CPU.Build.0 = Debug|iPhoneSimulator
		{CCA0993E-0E36-4F4E-B569-C4BC4811DC7E}.Debug|Any CPU.Deploy.0 = Debug|iPhoneSimulator
		{CCA0993E-0E36-4F4E-B569-C4BC4811DC7E}.Debug|iPhone.ActiveCfg = Debug|iPhone
		{CCA0993E-0E36-4F4E-B569-C4BC4811DC7E}.Debug|iPhone.Build.0 = Debug|iPhone
		{CCA0993E-0E36-4F4E-B569-C4BC4811DC7E}.Debug|iPhone.Deploy.0 = Debug|iPhone
		{CCA0993E-0E36-4F4E-B569-C4BC4811DC7E}.Debug|iPhoneSimulator.ActiveCfg = Debug|iPhoneSimulator
		{CCA0993E-0E36-4F4E-B569-C4BC4811DC7E}.Debug|iPhoneSimulator.Build.0 = Debug|iPhoneSimulator
		{CCA0993E-0E36-4F4E-B569-C4BC4811DC7E}.Debug|iPhoneSimulator.Deploy.0 = Debug|iPhoneSimulator
		{CCA0993E-0E36-4F4E-B569-C4BC4811DC7E}.Release|Any CPU.ActiveCfg = Release|iPhone
		{CCA0993E-0E36-4F4E-B569-C4BC4811DC7E}.Release|Any CPU.Build.0 = Release|iPhone
		{CCA0993E-0E36-4F4E-B569-C4BC4811DC7E}.Release|Any CPU.Deploy.0 = Release|iPhone
		{CCA0993E-0E36-4F4E-B569-C4BC4811DC7E}.Release|iPhone.ActiveCfg = Release|iPhone
		{CCA0993E-0E36-4F4E-B569-C4BC4811DC7E}.Release|iPhone.Build.0 = Release|iPhone
		{CCA0993E-0E36-4F4E-B569-C4BC4811DC7E}.Release|iPhone.Deploy.0 = Release|iPhone
		{CCA0993E-0E36-4F4E-B569-C4BC4811DC7E}.Release|iPhoneSimulator.ActiveCfg = Release|iPhoneSimulator
		{CCA0993E-0E36-4F4E-B569-C4BC4811DC7E}.Release|iPhoneSimulator.Build.0 = Release|iPhoneSimulator
		{CCA0993E-0E36-4F4E-B569-C4BC4811DC7E}.Release|iPhoneSimulator.Deploy.0 = Release|iPhoneSimulator
		{3172BE4D-EF4E-4A39-B9A8-77D7F6DB4DE0}.Ad-Hoc|Any CPU.ActiveCfg = Debug|Any CPU
		{3172BE4D-EF4E-4A39-B9A8-77D7F6DB4DE0}.Ad-Hoc|Any CPU.Build.0 = Debug|Any CPU
		{3172BE4D-EF4E-4A39-B9A8-77D7F6DB4DE0}.Ad-Hoc|Any CPU.Deploy.0 = Debug|Any CPU
		{3172BE4D-EF4E-4A39-B9A8-77D7F6DB4DE0}.Ad-Hoc|iPhone.ActiveCfg = Debug|Any CPU
		{3172BE4D-EF4E-4A39-B9A8-77D7F6DB4DE0}.Ad-Hoc|iPhone.Build.0 = Debug|Any CPU
		{3172BE4D-EF4E-4A39-B9A8-77D7F6DB4DE0}.Ad-Hoc|iPhone.Deploy.0 = Debug|Any CPU
		{3172BE4D-EF4E-4A39-B9A8-77D7F6DB4DE0}.Ad-Hoc|iPhoneSimulator.ActiveCfg = Debug|Any CPU
		{3172BE4D-EF4E-4A39-B9A8-77D7F6DB4DE0}.Ad-Hoc|iPhoneSimulator.Build.0 = Debug|Any CPU
		{3172BE4D-EF4E-4A39-B9A8-77D7F6DB4DE0}.Ad-Hoc|iPhoneSimulator.Deploy.0 = Debug|Any CPU
		{3172BE4D-EF4E-4A39-B9A8-77D7F6DB4DE0}.AppStore|Any CPU.ActiveCfg = Debug|Any CPU
		{3172BE4D-EF4E-4A39-B9A8-77D7F6DB4DE0}.AppStore|Any CPU.Build.0 = Debug|Any CPU
		{3172BE4D-EF4E-4A39-B9A8-77D7F6DB4DE0}.AppStore|Any CPU.Deploy.0 = Debug|Any CPU
		{3172BE4D-EF4E-4A39-B9A8-77D7F6DB4DE0}.AppStore|iPhone.ActiveCfg = Debug|Any CPU
		{3172BE4D-EF4E-4A39-B9A8-77D7F6DB4DE0}.AppStore|iPhone.Build.0 = Debug|Any CPU
		{3172BE4D-EF4E-4A39-B9A8-77D7F6DB4DE0}.AppStore|iPhone.Deploy.0 = Debug|Any CPU
		{3172BE4D-EF4E-4A39-B9A8-77D7F6DB4DE0}.AppStore|iPhoneSimulator.ActiveCfg = Debug|Any CPU
		{3172BE4D-EF4E-4A39-B9A8-77D7F6DB4DE0}.AppStore|iPhoneSimulator.Build.0 = Debug|Any CPU
		{3172BE4D-EF4E-4A39-B9A8-77D7F6DB4DE0}.AppStore|iPhoneSimulator.Deploy.0 = Debug|Any CPU
		{3172BE4D-EF4E-4A39-B9A8-77D7F6DB4DE0}.Debug|Any CPU.ActiveCfg = Debug|Any CPU
		{3172BE4D-EF4E-4A39-B9A8-77D7F6DB4DE0}.Debug|Any CPU.Build.0 = Debug|Any CPU
		{3172BE4D-EF4E-4A39-B9A8-77D7F6DB4DE0}.Debug|Any CPU.Deploy.0 = Debug|Any CPU
		{3172BE4D-EF4E-4A39-B9A8-77D7F6DB4DE0}.Debug|iPhone.ActiveCfg = Debug|Any CPU
		{3172BE4D-EF4E-4A39-B9A8-77D7F6DB4DE0}.Debug|iPhone.Build.0 = Debug|Any CPU
		{3172BE4D-EF4E-4A39-B9A8-77D7F6DB4DE0}.Debug|iPhone.Deploy.0 = Debug|Any CPU
		{3172BE4D-EF4E-4A39-B9A8-77D7F6DB4DE0}.Debug|iPhoneSimulator.ActiveCfg = Debug|Any CPU
		{3172BE4D-EF4E-4A39-B9A8-77D7F6DB4DE0}.Debug|iPhoneSimulator.Build.0 = Debug|Any CPU
		{3172BE4D-EF4E-4A39-B9A8-77D7F6DB4DE0}.Debug|iPhoneSimulator.Deploy.0 = Debug|Any CPU
		{3172BE4D-EF4E-4A39-B9A8-77D7F6DB4DE0}.Release|Any CPU.ActiveCfg = Release|Any CPU
		{3172BE4D-EF4E-4A39-B9A8-77D7F6DB4DE0}.Release|Any CPU.Build.0 = Release|Any CPU
		{3172BE4D-EF4E-4A39-B9A8-77D7F6DB4DE0}.Release|Any CPU.Deploy.0 = Release|Any CPU
		{3172BE4D-EF4E-4A39-B9A8-77D7F6DB4DE0}.Release|iPhone.ActiveCfg = Release|Any CPU
		{3172BE4D-EF4E-4A39-B9A8-77D7F6DB4DE0}.Release|iPhone.Build.0 = Release|Any CPU
		{3172BE4D-EF4E-4A39-B9A8-77D7F6DB4DE0}.Release|iPhone.Deploy.0 = Release|Any CPU
		{3172BE4D-EF4E-4A39-B9A8-77D7F6DB4DE0}.Release|iPhoneSimulator.ActiveCfg = Release|Any CPU
		{3172BE4D-EF4E-4A39-B9A8-77D7F6DB4DE0}.Release|iPhoneSimulator.Build.0 = Release|Any CPU
		{3172BE4D-EF4E-4A39-B9A8-77D7F6DB4DE0}.Release|iPhoneSimulator.Deploy.0 = Release|Any CPU
	EndGlobalSection
	GlobalSection(SolutionProperties) = preSolution
		HideSolutionNode = FALSE
	EndGlobalSection
	GlobalSection(ExtensibilityGlobals) = postSolution
		SolutionGuid = {FD7B1C58-7A1A-4CEF-874C-998C3D4C25F8}
	EndGlobalSection
EndGlobal
