
Microsoft Visual Studio Solution File, Format Version 12.00
# Visual Studio 15
VisualStudioVersion = 15.0.28307.539
MinimumVisualStudioVersion = 10.0.40219.1
Project("{FAE04EC0-301F-11D3-BF4B-00C04F79EFBC}") = "MapsApp.Android", "MapsApp\MapsApp.Android\MapsApp.Android.csproj", "{6C033F78-9A28-45AD-AF9C-CC84EC6B6935}"
EndProject
Project("{FAE04EC0-301F-11D3-BF4B-00C04F79EFBC}") = "MapsApp.iOS", "MapsApp\MapsApp.iOS\MapsApp.iOS.csproj", "{68D01B5C-C5E7-4A03-9AD7-643449F6FFE6}"
EndProject
Project("{FAE04EC0-301F-11D3-BF4B-00C04F79EFBC}") = "MapsApp", "MapsApp\MapsApp\MapsApp.csproj", "{A16806D3-FE03-40A8-9275-2A343BDE2C3D}"
EndProject
Global
	GlobalSection(SolutionConfigurationPlatforms) = preSolution
		Ad-Hoc|Any CPU = Ad-Hoc|Any CPU
		Ad-Hoc|iPhone = Ad-Hoc|iPhone
		Ad-Hoc|iPhoneSimulator = Ad-Hoc|iPhoneSimulator
		AppStore|Any CPU = AppStore|Any CPU
		AppStore|iPhone = AppStore|iPhone
		AppStore|iPhoneSimulator = AppStore|iPhoneSimulator
		Debug|Any CPU = Debug|Any CPU
		Debug|iPhone = Debug|iPhone
		Debug|iPhoneSimulator = Debug|iPhoneSimulator
		Release|Any CPU = Release|Any CPU
		Release|iPhone = Release|iPhone
		Release|iPhoneSimulator = Release|iPhoneSimulator
	EndGlobalSection
	GlobalSection(ProjectConfigurationPlatforms) = postSolution
		{6C033F78-9A28-45AD-AF9C-CC84EC6B6935}.Ad-Hoc|Any CPU.ActiveCfg = Release|Any CPU
		{6C033F78-9A28-45AD-AF9C-CC84EC6B6935}.Ad-Hoc|Any CPU.Build.0 = Release|Any CPU
		{6C033F78-9A28-45AD-AF9C-CC84EC6B6935}.Ad-Hoc|Any CPU.Deploy.0 = Release|Any CPU
		{6C033F78-9A28-45AD-AF9C-CC84EC6B6935}.Ad-Hoc|iPhone.ActiveCfg = Release|Any CPU
		{6C033F78-9A28-45AD-AF9C-CC84EC6B6935}.Ad-Hoc|iPhone.Build.0 = Release|Any CPU
		{6C033F78-9A28-45AD-AF9C-CC84EC6B6935}.Ad-Hoc|iPhone.Deploy.0 = Release|Any CPU
		{6C033F78-9A28-45AD-AF9C-CC84EC6B6935}.Ad-Hoc|iPhoneSimulator.ActiveCfg = Release|Any CPU
		{6C033F78-9A28-45AD-AF9C-CC84EC6B6935}.Ad-Hoc|iPhoneSimulator.Build.0 = Release|Any CPU
		{6C033F78-9A28-45AD-AF9C-CC84EC6B6935}.Ad-Hoc|iPhoneSimulator.Deploy.0 = Release|Any CPU
		{6C033F78-9A28-45AD-AF9C-CC84EC6B6935}.AppStore|Any CPU.ActiveCfg = Release|Any CPU
		{6C033F78-9A28-45AD-AF9C-CC84EC6B6935}.AppStore|Any CPU.Build.0 = Release|Any CPU
		{6C033F78-9A28-45AD-AF9C-CC84EC6B6935}.AppStore|Any CPU.Deploy.0 = Release|Any CPU
		{6C033F78-9A28-45AD-AF9C-CC84EC6B6935}.AppStore|iPhone.ActiveCfg = Release|Any CPU
		{6C033F78-9A28-45AD-AF9C-CC84EC6B6935}.AppStore|iPhone.Build.0 = Release|Any CPU
		{6C033F78-9A28-45AD-AF9C-CC84EC6B6935}.AppStore|iPhone.Deploy.0 = Release|Any CPU
		{6C033F78-9A28-45AD-AF9C-CC84EC6B6935}.AppStore|iPhoneSimulator.ActiveCfg = Release|Any CPU
		{6C033F78-9A28-45AD-AF9C-CC84EC6B6935}.AppStore|iPhoneSimulator.Build.0 = Release|Any CPU
		{6C033F78-9A28-45AD-AF9C-CC84EC6B6935}.AppStore|iPhoneSimulator.Deploy.0 = Release|Any CPU
		{6C033F78-9A28-45AD-AF9C-CC84EC6B6935}.Debug|Any CPU.ActiveCfg = Debug|Any CPU
		{6C033F78-9A28-45AD-AF9C-CC84EC6B6935}.Debug|Any CPU.Build.0 = Debug|Any CPU
		{6C033F78-9A28-45AD-AF9C-CC84EC6B6935}.Debug|Any CPU.Deploy.0 = Debug|Any CPU
		{6C033F78-9A28-45AD-AF9C-CC84EC6B6935}.Debug|iPhone.ActiveCfg = Debug|Any CPU
		{6C033F78-9A28-45AD-AF9C-CC84EC6B6935}.Debug|iPhone.Build.0 = Debug|Any CPU
		{6C033F78-9A28-45AD-AF9C-CC84EC6B6935}.Debug|iPhone.Deploy.0 = Debug|Any CPU
		{6C033F78-9A28-45AD-AF9C-CC84EC6B6935}.Debug|iPhoneSimulator.ActiveCfg = Debug|Any CPU
		{6C033F78-9A28-45AD-AF9C-CC84EC6B6935}.Debug|iPhoneSimulator.Build.0 = Debug|Any CPU
		{6C033F78-9A28-45AD-AF9C-CC84EC6B6935}.Debug|iPhoneSimulator.Deploy.0 = Debug|Any CPU
		{6C033F78-9A28-45AD-AF9C-CC84EC6B6935}.Release|Any CPU.ActiveCfg = Release|Any CPU
		{6C033F78-9A28-45AD-AF9C-CC84EC6B6935}.Release|Any CPU.Build.0 = Release|Any CPU
		{6C033F78-9A28-45AD-AF9C-CC84EC6B6935}.Release|Any CPU.Deploy.0 = Release|Any CPU
		{6C033F78-9A28-45AD-AF9C-CC84EC6B6935}.Release|iPhone.ActiveCfg = Release|Any CPU
		{6C033F78-9A28-45AD-AF9C-CC84EC6B6935}.Release|iPhone.Build.0 = Release|Any CPU
		{6C033F78-9A28-45AD-AF9C-CC84EC6B6935}.Release|iPhone.Deploy.0 = Release|Any CPU
		{6C033F78-9A28-45AD-AF9C-CC84EC6B6935}.Release|iPhoneSimulator.ActiveCfg = Release|Any CPU
		{6C033F78-9A28-45AD-AF9C-CC84EC6B6935}.Release|iPhoneSimulator.Build.0 = Release|Any CPU
		{6C033F78-9A28-45AD-AF9C-CC84EC6B6935}.Release|iPhoneSimulator.Deploy.0 = Release|Any CPU
		{68D01B5C-C5E7-4A03-9AD7-643449F6FFE6}.Ad-Hoc|Any CPU.ActiveCfg = Ad-Hoc|iPhone
		{68D01B5C-C5E7-4A03-9AD7-643449F6FFE6}.Ad-Hoc|Any CPU.Build.0 = Ad-Hoc|iPhone
		{68D01B5C-C5E7-4A03-9AD7-643449F6FFE6}.Ad-Hoc|Any CPU.Deploy.0 = Ad-Hoc|iPhone
		{68D01B5C-C5E7-4A03-9AD7-643449F6FFE6}.Ad-Hoc|iPhone.ActiveCfg = Ad-Hoc|iPhone
		{68D01B5C-C5E7-4A03-9AD7-643449F6FFE6}.Ad-Hoc|iPhone.Build.0 = Ad-Hoc|iPhone
		{68D01B5C-C5E7-4A03-9AD7-643449F6FFE6}.Ad-Hoc|iPhone.Deploy.0 = Ad-Hoc|iPhone
		{68D01B5C-C5E7-4A03-9AD7-643449F6FFE6}.Ad-Hoc|iPhoneSimulator.ActiveCfg = Ad-Hoc|iPhoneSimulator
		{68D01B5C-C5E7-4A03-9AD7-643449F6FFE6}.Ad-Hoc|iPhoneSimulator.Build.0 = Ad-Hoc|iPhoneSimulator
		{68D01B5C-C5E7-4A03-9AD7-643449F6FFE6}.Ad-Hoc|iPhoneSimulator.Deploy.0 = Ad-Hoc|iPhoneSimulator
		{68D01B5C-C5E7-4A03-9AD7-643449F6FFE6}.AppStore|Any CPU.ActiveCfg = AppStore|iPhone
		{68D01B5C-C5E7-4A03-9AD7-643449F6FFE6}.AppStore|Any CPU.Build.0 = AppStore|iPhone
		{68D01B5C-C5E7-4A03-9AD7-643449F6FFE6}.AppStore|Any CPU.Deploy.0 = AppStore|iPhone
		{68D01B5C-C5E7-4A03-9AD7-643449F6FFE6}.AppStore|iPhone.ActiveCfg = AppStore|iPhone
		{68D01B5C-C5E7-4A03-9AD7-643449F6FFE6}.AppStore|iPhone.Build.0 = AppStore|iPhone
		{68D01B5C-C5E7-4A03-9AD7-643449F6FFE6}.AppStore|iPhone.Deploy.0 = AppStore|iPhone
		{68D01B5C-C5E7-4A03-9AD7-643449F6FFE6}.AppStore|iPhoneSimulator.ActiveCfg = AppStore|iPhoneSimulator
		{68D01B5C-C5E7-4A03-9AD7-643449F6FFE6}.AppStore|iPhoneSimulator.Build.0 = AppStore|iPhoneSimulator
		{68D01B5C-C5E7-4A03-9AD7-643449F6FFE6}.AppStore|iPhoneSimulator.Deploy.0 = AppStore|iPhoneSimulator
		{68D01B5C-C5E7-4A03-9AD7-643449F6FFE6}.Debug|Any CPU.ActiveCfg = Debug|iPhoneSimulator
		{68D01B5C-C5E7-4A03-9AD7-643449F6FFE6}.Debug|Any CPU.Build.0 = Debug|iPhoneSimulator
		{68D01B5C-C5E7-4A03-9AD7-643449F6FFE6}.Debug|Any CPU.Deploy.0 = Debug|iPhoneSimulator
		{68D01B5C-C5E7-4A03-9AD7-643449F6FFE6}.Debug|iPhone.ActiveCfg = Debug|iPhone
		{68D01B5C-C5E7-4A03-9AD7-643449F6FFE6}.Debug|iPhone.Build.0 = Debug|iPhone
		{68D01B5C-C5E7-4A03-9AD7-643449F6FFE6}.Debug|iPhone.Deploy.0 = Debug|iPhone
		{68D01B5C-C5E7-4A03-9AD7-643449F6FFE6}.Debug|iPhoneSimulator.ActiveCfg = Debug|iPhoneSimulator
		{68D01B5C-C5E7-4A03-9AD7-643449F6FFE6}.Debug|iPhoneSimulator.Build.0 = Debug|iPhoneSimulator
		{68D01B5C-C5E7-4A03-9AD7-643449F6FFE6}.Debug|iPhoneSimulator.Deploy.0 = Debug|iPhoneSimulator
		{68D01B5C-C5E7-4A03-9AD7-643449F6FFE6}.Release|Any CPU.ActiveCfg = Release|iPhone
		{68D01B5C-C5E7-4A03-9AD7-643449F6FFE6}.Release|Any CPU.Build.0 = Release|iPhone
		{68D01B5C-C5E7-4A03-9AD7-643449F6FFE6}.Release|Any CPU.Deploy.0 = Release|iPhone
		{68D01B5C-C5E7-4A03-9AD7-643449F6FFE6}.Release|iPhone.ActiveCfg = Release|iPhone
		{68D01B5C-C5E7-4A03-9AD7-643449F6FFE6}.Release|iPhone.Build.0 = Release|iPhone
		{68D01B5C-C5E7-4A03-9AD7-643449F6FFE6}.Release|iPhone.Deploy.0 = Release|iPhone
		{68D01B5C-C5E7-4A03-9AD7-643449F6FFE6}.Release|iPhoneSimulator.ActiveCfg = Release|iPhoneSimulator
		{68D01B5C-C5E7-4A03-9AD7-643449F6FFE6}.Release|iPhoneSimulator.Build.0 = Release|iPhoneSimulator
		{68D01B5C-C5E7-4A03-9AD7-643449F6FFE6}.Release|iPhoneSimulator.Deploy.0 = Release|iPhoneSimulator
		{A16806D3-FE03-40A8-9275-2A343BDE2C3D}.Ad-Hoc|Any CPU.ActiveCfg = Debug|Any CPU
		{A16806D3-FE03-40A8-9275-2A343BDE2C3D}.Ad-Hoc|Any CPU.Build.0 = Debug|Any CPU
		{A16806D3-FE03-40A8-9275-2A343BDE2C3D}.Ad-Hoc|Any CPU.Deploy.0 = Debug|Any CPU
		{A16806D3-FE03-40A8-9275-2A343BDE2C3D}.Ad-Hoc|iPhone.ActiveCfg = Debug|Any CPU
		{A16806D3-FE03-40A8-9275-2A343BDE2C3D}.Ad-Hoc|iPhone.Build.0 = Debug|Any CPU
		{A16806D3-FE03-40A8-9275-2A343BDE2C3D}.Ad-Hoc|iPhone.Deploy.0 = Debug|Any CPU
		{A16806D3-FE03-40A8-9275-2A343BDE2C3D}.Ad-Hoc|iPhoneSimulator.ActiveCfg = Debug|Any CPU
		{A16806D3-FE03-40A8-9275-2A343BDE2C3D}.Ad-Hoc|iPhoneSimulator.Build.0 = Debug|Any CPU
		{A16806D3-FE03-40A8-9275-2A343BDE2C3D}.Ad-Hoc|iPhoneSimulator.Deploy.0 = Debug|Any CPU
		{A16806D3-FE03-40A8-9275-2A343BDE2C3D}.AppStore|Any CPU.ActiveCfg = Debug|Any CPU
		{A16806D3-FE03-40A8-9275-2A343BDE2C3D}.AppStore|Any CPU.Build.0 = Debug|Any CPU
		{A16806D3-FE03-40A8-9275-2A343BDE2C3D}.AppStore|Any CPU.Deploy.0 = Debug|Any CPU
		{A16806D3-FE03-40A8-9275-2A343BDE2C3D}.AppStore|iPhone.ActiveCfg = Debug|Any CPU
		{A16806D3-FE03-40A8-9275-2A343BDE2C3D}.AppStore|iPhone.Build.0 = Debug|Any CPU
		{A16806D3-FE03-40A8-9275-2A343BDE2C3D}.AppStore|iPhone.Deploy.0 = Debug|Any CPU
		{A16806D3-FE03-40A8-9275-2A343BDE2C3D}.AppStore|iPhoneSimulator.ActiveCfg = Debug|Any CPU
		{A16806D3-FE03-40A8-9275-2A343BDE2C3D}.AppStore|iPhoneSimulator.Build.0 = Debug|Any CPU
		{A16806D3-FE03-40A8-9275-2A343BDE2C3D}.AppStore|iPhoneSimulator.Deploy.0 = Debug|Any CPU
		{A16806D3-FE03-40A8-9275-2A343BDE2C3D}.Debug|Any CPU.ActiveCfg = Debug|Any CPU
		{A16806D3-FE03-40A8-9275-2A343BDE2C3D}.Debug|Any CPU.Build.0 = Debug|Any CPU
		{A16806D3-FE03-40A8-9275-2A343BDE2C3D}.Debug|Any CPU.Deploy.0 = Debug|Any CPU
		{A16806D3-FE03-40A8-9275-2A343BDE2C3D}.Debug|iPhone.ActiveCfg = Debug|Any CPU
		{A16806D3-FE03-40A8-9275-2A343BDE2C3D}.Debug|iPhone.Build.0 = Debug|Any CPU
		{A16806D3-FE03-40A8-9275-2A343BDE2C3D}.Debug|iPhone.Deploy.0 = Debug|Any CPU
		{A16806D3-FE03-40A8-9275-2A343BDE2C3D}.Debug|iPhoneSimulator.ActiveCfg = Debug|Any CPU
		{A16806D3-FE03-40A8-9275-2A343BDE2C3D}.Debug|iPhoneSimulator.Build.0 = Debug|Any CPU
		{A16806D3-FE03-40A8-9275-2A343BDE2C3D}.Debug|iPhoneSimulator.Deploy.0 = Debug|Any CPU
		{A16806D3-FE03-40A8-9275-2A343BDE2C3D}.Release|Any CPU.ActiveCfg = Release|Any CPU
		{A16806D3-FE03-40A8-9275-2A343BDE2C3D}.Release|Any CPU.Build.0 = Release|Any CPU
		{A16806D3-FE03-40A8-9275-2A343BDE2C3D}.Release|Any CPU.Deploy.0 = Release|Any CPU
		{A16806D3-FE03-40A8-9275-2A343BDE2C3D}.Release|iPhone.ActiveCfg = Release|Any CPU
		{A16806D3-FE03-40A8-9275-2A343BDE2C3D}.Release|iPhone.Build.0 = Release|Any CPU
		{A16806D3-FE03-40A8-9275-2A343BDE2C3D}.Release|iPhone.Deploy.0 = Release|Any CPU
		{A16806D3-FE03-40A8-9275-2A343BDE2C3D}.Release|iPhoneSimulator.ActiveCfg = Release|Any CPU
		{A16806D3-FE03-40A8-9275-2A343BDE2C3D}.Release|iPhoneSimulator.Build.0 = Release|Any CPU
		{A16806D3-FE03-40A8-9275-2A343BDE2C3D}.Release|iPhoneSimulator.Deploy.0 = Release|Any CPU
	EndGlobalSection
	GlobalSection(SolutionProperties) = preSolution
		HideSolutionNode = FALSE
	EndGlobalSection
	GlobalSection(ExtensibilityGlobals) = postSolution
		SolutionGuid = {21BF5D4B-1A44-4B8B-87AA-A6CA82DDB47C}
	EndGlobalSection
EndGlobal
